// !$*UTF8*$!
{
	archiveVersion = 1;
	classes = {
	};
	objectVersion = 48;
	objects = {

/* Begin PBXBuildFile section */
		B90A69961FFB419F00B4F6B0 /* FeedTableViewController.swift in Sources */ = {isa = PBXBuildFile; fileRef = B90A69951FFB419F00B4F6B0 /* FeedTableViewController.swift */; };
		B94E1F111FFF3FF3009537DC /* FeedTableViewCell.swift in Sources */ = {isa = PBXBuildFile; fileRef = B94E1F101FFF3FF2009537DC /* FeedTableViewCell.swift */; };
		B974D6601FFAA1DC00A50736 /* API_Wrapper.swift in Sources */ = {isa = PBXBuildFile; fileRef = B974D65F1FFAA1DC00A50736 /* API_Wrapper.swift */; };
		B974D6631FFAA83900A50736 /* Extensions.swift in Sources */ = {isa = PBXBuildFile; fileRef = B974D6621FFAA83900A50736 /* Extensions.swift */; };
		B974D6651FFAA84100A50736 /* SwiftyJSON.swift in Sources */ = {isa = PBXBuildFile; fileRef = B974D6641FFAA84100A50736 /* SwiftyJSON.swift */; };
		B974D6671FFAAF8B00A50736 /* FeedManager.swift in Sources */ = {isa = PBXBuildFile; fileRef = B974D6661FFAAF8B00A50736 /* FeedManager.swift */; };
		B974D6691FFAB01700A50736 /* BooksOperation.swift in Sources */ = {isa = PBXBuildFile; fileRef = B974D6681FFAB01700A50736 /* BooksOperation.swift */; };
		B974D66B1FFAB1FA00A50736 /* Book.swift in Sources */ = {isa = PBXBuildFile; fileRef = B974D66A1FFAB1FA00A50736 /* Book.swift */; };
		B974D66D1FFAB5D900A50736 /* Author.swift in Sources */ = {isa = PBXBuildFile; fileRef = B974D66C1FFAB5D900A50736 /* Author.swift */; };
		B974D66F1FFAB66600A50736 /* Cover.swift in Sources */ = {isa = PBXBuildFile; fileRef = B974D66E1FFAB66600A50736 /* Cover.swift */; };
		B974D6711FFAB93F00A50736 /* Label.swift in Sources */ = {isa = PBXBuildFile; fileRef = B974D6701FFAB93F00A50736 /* Label.swift */; };
		B9C34CEF1FFAA121001E5002 /* AppDelegate.swift in Sources */ = {isa = PBXBuildFile; fileRef = B9C34CEE1FFAA121001E5002 /* AppDelegate.swift */; };
		B9C34CF41FFAA121001E5002 /* Main.storyboard in Resources */ = {isa = PBXBuildFile; fileRef = B9C34CF21FFAA121001E5002 /* Main.storyboard */; };
		B9C34CF61FFAA121001E5002 /* Assets.xcassets in Resources */ = {isa = PBXBuildFile; fileRef = B9C34CF51FFAA121001E5002 /* Assets.xcassets */; };
		B9C34CF91FFAA121001E5002 /* LaunchScreen.storyboard in Resources */ = {isa = PBXBuildFile; fileRef = B9C34CF71FFAA121001E5002 /* LaunchScreen.storyboard */; };
		E71E402E1581B5245516FC6A /* Pods_Hyped_Books.framework in Frameworks */ = {isa = PBXBuildFile; fileRef = 120B2B9B6FAF065DD5A814ED /* Pods_Hyped_Books.framework */; };
/* End PBXBuildFile section */

/* Begin PBXFileReference section */
		01AAB0F53D5B3B650E111BA7 /* Pods-Hyped Books.release.xcconfig */ = {isa = PBXFileReference; includeInIndex = 1; lastKnownFileType = text.xcconfig; name = "Pods-Hyped Books.release.xcconfig"; path = "Pods/Target Support Files/Pods-Hyped Books/Pods-Hyped Books.release.xcconfig"; sourceTree = "<group>"; };
		120B2B9B6FAF065DD5A814ED /* Pods_Hyped_Books.framework */ = {isa = PBXFileReference; explicitFileType = wrapper.framework; includeInIndex = 0; path = Pods_Hyped_Books.framework; sourceTree = BUILT_PRODUCTS_DIR; };
		2C261311ADF32EE95A2D2C96 /* Pods-Hyped Books.debug.xcconfig */ = {isa = PBXFileReference; includeInIndex = 1; lastKnownFileType = text.xcconfig; name = "Pods-Hyped Books.debug.xcconfig"; path = "Pods/Target Support Files/Pods-Hyped Books/Pods-Hyped Books.debug.xcconfig"; sourceTree = "<group>"; };
		B90A69951FFB419F00B4F6B0 /* FeedTableViewController.swift */ = {isa = PBXFileReference; lastKnownFileType = sourcecode.swift; path = FeedTableViewController.swift; sourceTree = "<group>"; };
		B94E1F101FFF3FF2009537DC /* FeedTableViewCell.swift */ = {isa = PBXFileReference; lastKnownFileType = sourcecode.swift; path = FeedTableViewCell.swift; sourceTree = "<group>"; };
		B94E1F121FFF45D4009537DC /* Header.h */ = {isa = PBXFileReference; lastKnownFileType = sourcecode.c.h; path = Header.h; sourceTree = "<group>"; };
		B974D65F1FFAA1DC00A50736 /* API_Wrapper.swift */ = {isa = PBXFileReference; lastKnownFileType = sourcecode.swift; path = API_Wrapper.swift; sourceTree = "<group>"; };
		B974D6621FFAA83900A50736 /* Extensions.swift */ = {isa = PBXFileReference; lastKnownFileType = sourcecode.swift; path = Extensions.swift; sourceTree = "<group>"; };
		B974D6641FFAA84100A50736 /* SwiftyJSON.swift */ = {isa = PBXFileReference; lastKnownFileType = sourcecode.swift; path = SwiftyJSON.swift; sourceTree = "<group>"; };
		B974D6661FFAAF8B00A50736 /* FeedManager.swift */ = {isa = PBXFileReference; lastKnownFileType = sourcecode.swift; path = FeedManager.swift; sourceTree = "<group>"; };
		B974D6681FFAB01700A50736 /* BooksOperation.swift */ = {isa = PBXFileReference; lastKnownFileType = sourcecode.swift; path = BooksOperation.swift; sourceTree = "<group>"; };
		B974D66A1FFAB1FA00A50736 /* Book.swift */ = {isa = PBXFileReference; lastKnownFileType = sourcecode.swift; path = Book.swift; sourceTree = "<group>"; };
		B974D66C1FFAB5D900A50736 /* Author.swift */ = {isa = PBXFileReference; lastKnownFileType = sourcecode.swift; path = Author.swift; sourceTree = "<group>"; };
		B974D66E1FFAB66600A50736 /* Cover.swift */ = {isa = PBXFileReference; lastKnownFileType = sourcecode.swift; path = Cover.swift; sourceTree = "<group>"; };
		B974D6701FFAB93F00A50736 /* Label.swift */ = {isa = PBXFileReference; lastKnownFileType = sourcecode.swift; path = Label.swift; sourceTree = "<group>"; };
		B9C34CEB1FFAA121001E5002 /* Hyped Books.app */ = {isa = PBXFileReference; explicitFileType = wrapper.application; includeInIndex = 0; path = "Hyped Books.app"; sourceTree = BUILT_PRODUCTS_DIR; };
		B9C34CEE1FFAA121001E5002 /* AppDelegate.swift */ = {isa = PBXFileReference; lastKnownFileType = sourcecode.swift; path = AppDelegate.swift; sourceTree = "<group>"; };
		B9C34CF31FFAA121001E5002 /* Base */ = {isa = PBXFileReference; lastKnownFileType = file.storyboard; name = Base; path = Base.lproj/Main.storyboard; sourceTree = "<group>"; };
		B9C34CF51FFAA121001E5002 /* Assets.xcassets */ = {isa = PBXFileReference; lastKnownFileType = folder.assetcatalog; path = Assets.xcassets; sourceTree = "<group>"; };
		B9C34CF81FFAA121001E5002 /* Base */ = {isa = PBXFileReference; lastKnownFileType = file.storyboard; name = Base; path = Base.lproj/LaunchScreen.storyboard; sourceTree = "<group>"; };
		B9C34CFA1FFAA121001E5002 /* Info.plist */ = {isa = PBXFileReference; lastKnownFileType = text.plist.xml; path = Info.plist; sourceTree = "<group>"; };
/* End PBXFileReference section */

/* Begin PBXFrameworksBuildPhase section */
		B9C34CE81FFAA121001E5002 /* Frameworks */ = {
			isa = PBXFrameworksBuildPhase;
			buildActionMask = 2147483647;
			files = (
				E71E402E1581B5245516FC6A /* Pods_Hyped_Books.framework in Frameworks */,
			);
			runOnlyForDeploymentPostprocessing = 0;
		};
/* End PBXFrameworksBuildPhase section */

/* Begin PBXGroup section */
		25FBE56327C555A041B3673A /* Pods */ = {
			isa = PBXGroup;
			children = (
				2C261311ADF32EE95A2D2C96 /* Pods-Hyped Books.debug.xcconfig */,
				01AAB0F53D5B3B650E111BA7 /* Pods-Hyped Books.release.xcconfig */,
			);
			name = Pods;
			sourceTree = "<group>";
		};
		68344100E332A33F36AA8A18 /* Frameworks */ = {
			isa = PBXGroup;
			children = (
				120B2B9B6FAF065DD5A814ED /* Pods_Hyped_Books.framework */,
			);
			name = Frameworks;
			sourceTree = "<group>";
		};
		B974D6611FFAA81600A50736 /* Helpers */ = {
			isa = PBXGroup;
			children = (
				B974D6641FFAA84100A50736 /* SwiftyJSON.swift */,
				B974D6621FFAA83900A50736 /* Extensions.swift */,
				B94E1F121FFF45D4009537DC /* Header.h */,
			);
			path = Helpers;
			sourceTree = "<group>";
		};
		B9C34CE21FFAA121001E5002 = {
			isa = PBXGroup;
			children = (
				B9C34CED1FFAA121001E5002 /* Hyped Books */,
				B9C34CEC1FFAA121001E5002 /* Products */,
				25FBE56327C555A041B3673A /* Pods */,
				68344100E332A33F36AA8A18 /* Frameworks */,
			);
			sourceTree = "<group>";
		};
		B9C34CEC1FFAA121001E5002 /* Products */ = {
			isa = PBXGroup;
			children = (
				B9C34CEB1FFAA121001E5002 /* Hyped Books.app */,
			);
			name = Products;
			sourceTree = "<group>";
		};
		B9C34CED1FFAA121001E5002 /* Hyped Books */ = {
			isa = PBXGroup;
			children = (
				B9C34CEE1FFAA121001E5002 /* AppDelegate.swift */,
				B974D65F1FFAA1DC00A50736 /* API_Wrapper.swift */,
				B974D6661FFAAF8B00A50736 /* FeedManager.swift */,
				B974D6681FFAB01700A50736 /* BooksOperation.swift */,
				B974D66A1FFAB1FA00A50736 /* Book.swift */,
				B974D66C1FFAB5D900A50736 /* Author.swift */,
				B974D66E1FFAB66600A50736 /* Cover.swift */,
				B974D6701FFAB93F00A50736 /* Label.swift */,
				B90A69951FFB419F00B4F6B0 /* FeedTableViewController.swift */,
				B94E1F101FFF3FF2009537DC /* FeedTableViewCell.swift */,
				B9C34CF21FFAA121001E5002 /* Main.storyboard */,
				B9C34CF51FFAA121001E5002 /* Assets.xcassets */,
				B9C34CF71FFAA121001E5002 /* LaunchScreen.storyboard */,
				B9C34CFA1FFAA121001E5002 /* Info.plist */,
				B974D6611FFAA81600A50736 /* Helpers */,
			);
			path = "Hyped Books";
			sourceTree = "<group>";
		};
/* End PBXGroup section */

/* Begin PBXNativeTarget section */
		B9C34CEA1FFAA121001E5002 /* Hyped Books */ = {
			isa = PBXNativeTarget;
			buildConfigurationList = B9C34CFD1FFAA121001E5002 /* Build configuration list for PBXNativeTarget "Hyped Books" */;
			buildPhases = (
				257BD58234F08D3E3DA158D0 /* [CP] Check Pods Manifest.lock */,
				B9C34CE71FFAA121001E5002 /* Sources */,
				B9C34CE81FFAA121001E5002 /* Frameworks */,
				B9C34CE91FFAA121001E5002 /* Resources */,
				8361C06A8DEAF8FAA8B22318 /* [CP] Embed Pods Frameworks */,
				3EE685413473B47ACE8EF196 /* [CP] Copy Pods Resources */,
			);
			buildRules = (
			);
			dependencies = (
			);
			name = "Hyped Books";
			productName = "Hyped Books";
			productReference = B9C34CEB1FFAA121001E5002 /* Hyped Books.app */;
			productType = "com.apple.product-type.application";
		};
/* End PBXNativeTarget section */

/* Begin PBXProject section */
		B9C34CE31FFAA121001E5002 /* Project object */ = {
			isa = PBXProject;
			attributes = {
				LastSwiftUpdateCheck = 0920;
				LastUpgradeCheck = 0920;
				ORGANIZATIONNAME = "Georgiy Sabanov";
				TargetAttributes = {
					B9C34CEA1FFAA121001E5002 = {
						CreatedOnToolsVersion = 9.2;
						ProvisioningStyle = Automatic;
					};
				};
			};
			buildConfigurationList = B9C34CE61FFAA121001E5002 /* Build configuration list for PBXProject "Hyped Books" */;
			compatibilityVersion = "Xcode 8.0";
			developmentRegion = en;
			hasScannedForEncodings = 0;
			knownRegions = (
				en,
				Base,
			);
			mainGroup = B9C34CE21FFAA121001E5002;
			productRefGroup = B9C34CEC1FFAA121001E5002 /* Products */;
			projectDirPath = "";
			projectRoot = "";
			targets = (
				B9C34CEA1FFAA121001E5002 /* Hyped Books */,
			);
		};
/* End PBXProject section */

/* Begin PBXResourcesBuildPhase section */
		B9C34CE91FFAA121001E5002 /* Resources */ = {
			isa = PBXResourcesBuildPhase;
			buildActionMask = 2147483647;
			files = (
				B9C34CF91FFAA121001E5002 /* LaunchScreen.storyboard in Resources */,
				B9C34CF61FFAA121001E5002 /* Assets.xcassets in Resources */,
				B9C34CF41FFAA121001E5002 /* Main.storyboard in Resources */,
			);
			runOnlyForDeploymentPostprocessing = 0;
		};
/* End PBXResourcesBuildPhase section */

/* Begin PBXShellScriptBuildPhase section */
		257BD58234F08D3E3DA158D0 /* [CP] Check Pods Manifest.lock */ = {
			isa = PBXShellScriptBuildPhase;
			buildActionMask = 2147483647;
			files = (
			);
			inputPaths = (
				"${PODS_PODFILE_DIR_PATH}/Podfile.lock",
				"${PODS_ROOT}/Manifest.lock",
			);
			name = "[CP] Check Pods Manifest.lock";
			outputPaths = (
				"$(DERIVED_FILE_DIR)/Pods-Hyped Books-checkManifestLockResult.txt",
			);
			runOnlyForDeploymentPostprocessing = 0;
			shellPath = /bin/sh;
			shellScript = "diff \"${PODS_PODFILE_DIR_PATH}/Podfile.lock\" \"${PODS_ROOT}/Manifest.lock\" > /dev/null\nif [ $? != 0 ] ; then\n    # print error to STDERR\n    echo \"error: The sandbox is not in sync with the Podfile.lock. Run 'pod install' or update your CocoaPods installation.\" >&2\n    exit 1\nfi\n# This output is used by Xcode 'outputs' to avoid re-running this script phase.\necho \"SUCCESS\" > \"${SCRIPT_OUTPUT_FILE_0}\"\n";
			showEnvVarsInLog = 0;
		};
		3EE685413473B47ACE8EF196 /* [CP] Copy Pods Resources */ = {
			isa = PBXShellScriptBuildPhase;
			buildActionMask = 2147483647;
			files = (
			);
			inputPaths = (
			);
			name = "[CP] Copy Pods Resources";
			outputPaths = (
			);
			runOnlyForDeploymentPostprocessing = 0;
			shellPath = /bin/sh;
			shellScript = "\"${SRCROOT}/Pods/Target Support Files/Pods-Hyped Books/Pods-Hyped Books-resources.sh\"\n";
			showEnvVarsInLog = 0;
		};
		8361C06A8DEAF8FAA8B22318 /* [CP] Embed Pods Frameworks */ = {
			isa = PBXShellScriptBuildPhase;
			buildActionMask = 2147483647;
			files = (
			);
			inputPaths = (
				"${SRCROOT}/Pods/Target Support Files/Pods-Hyped Books/Pods-Hyped Books-frameworks.sh",
				"${BUILT_PRODUCTS_DIR}/SDWebImage/SDWebImage.framework",
			);
			name = "[CP] Embed Pods Frameworks";
			outputPaths = (
				"${TARGET_BUILD_DIR}/${FRAMEWORKS_FOLDER_PATH}/SDWebImage.framework",
			);
			runOnlyForDeploymentPostprocessing = 0;
			shellPath = /bin/sh;
			shellScript = "\"${SRCROOT}/Pods/Target Support Files/Pods-Hyped Books/Pods-Hyped Books-frameworks.sh\"\n";
			showEnvVarsInLog = 0;
		};
/* End PBXShellScriptBuildPhase section */

/* Begin PBXSourcesBuildPhase section */
		B9C34CE71FFAA121001E5002 /* Sources */ = {
			isa = PBXSourcesBuildPhase;
			buildActionMask = 2147483647;
			files = (
				B974D66B1FFAB1FA00A50736 /* Book.swift in Sources */,
				B94E1F111FFF3FF3009537DC /* FeedTableViewCell.swift in Sources */,
				B974D6691FFAB01700A50736 /* BooksOperation.swift in Sources */,
				B90A69961FFB419F00B4F6B0 /* FeedTableViewController.swift in Sources */,
				B974D66F1FFAB66600A50736 /* Cover.swift in Sources */,
				B974D6711FFAB93F00A50736 /* Label.swift in Sources */,
				B974D66D1FFAB5D900A50736 /* Author.swift in Sources */,
				B9C34CEF1FFAA121001E5002 /* AppDelegate.swift in Sources */,
				B974D6601FFAA1DC00A50736 /* API_Wrapper.swift in Sources */,
				B974D6671FFAAF8B00A50736 /* FeedManager.swift in Sources */,
				B974D6651FFAA84100A50736 /* SwiftyJSON.swift in Sources */,
				B974D6631FFAA83900A50736 /* Extensions.swift in Sources */,
			);
			runOnlyForDeploymentPostprocessing = 0;
		};
/* End PBXSourcesBuildPhase section */

/* Begin PBXVariantGroup section */
		B9C34CF21FFAA121001E5002 /* Main.storyboard */ = {
			isa = PBXVariantGroup;
			children = (
				B9C34CF31FFAA121001E5002 /* Base */,
			);
			name = Main.storyboard;
			sourceTree = "<group>";
		};
		B9C34CF71FFAA121001E5002 /* LaunchScreen.storyboard */ = {
			isa = PBXVariantGroup;
			children = (
				B9C34CF81FFAA121001E5002 /* Base */,
			);
			name = LaunchScreen.storyboard;
			sourceTree = "<group>";
		};
/* End PBXVariantGroup section */

/* Begin XCBuildConfiguration section */
		B9C34CFB1FFAA121001E5002 /* Debug */ = {
			isa = XCBuildConfiguration;
			buildSettings = {
				ALWAYS_SEARCH_USER_PATHS = NO;
				CLANG_ANALYZER_NONNULL = YES;
				CLANG_ANALYZER_NUMBER_OBJECT_CONVERSION = YES_AGGRESSIVE;
				CLANG_CXX_LANGUAGE_STANDARD = "gnu++14";
				CLANG_CXX_LIBRARY = "libc++";
				CLANG_ENABLE_MODULES = YES;
				CLANG_ENABLE_OBJC_ARC = YES;
				CLANG_WARN_BLOCK_CAPTURE_AUTORELEASING = YES;
				CLANG_WARN_BOOL_CONVERSION = YES;
				CLANG_WARN_COMMA = YES;
				CLANG_WARN_CONSTANT_CONVERSION = YES;
				CLANG_WARN_DIRECT_OBJC_ISA_USAGE = YES_ERROR;
				CLANG_WARN_DOCUMENTATION_COMMENTS = YES;
				CLANG_WARN_EMPTY_BODY = YES;
				CLANG_WARN_ENUM_CONVERSION = YES;
				CLANG_WARN_INFINITE_RECURSION = YES;
				CLANG_WARN_INT_CONVERSION = YES;
				CLANG_WARN_NON_LITERAL_NULL_CONVERSION = YES;
				CLANG_WARN_OBJC_LITERAL_CONVERSION = YES;
				CLANG_WARN_OBJC_ROOT_CLASS = YES_ERROR;
				CLANG_WARN_RANGE_LOOP_ANALYSIS = YES;
				CLANG_WARN_STRICT_PROTOTYPES = YES;
				CLANG_WARN_SUSPICIOUS_MOVE = YES;
				CLANG_WARN_UNGUARDED_AVAILABILITY = YES_AGGRESSIVE;
				CLANG_WARN_UNREACHABLE_CODE = YES;
				CLANG_WARN__DUPLICATE_METHOD_MATCH = YES;
				CODE_SIGN_IDENTITY = "iPhone Developer";
				COPY_PHASE_STRIP = NO;
				DEBUG_INFORMATION_FORMAT = dwarf;
				ENABLE_STRICT_OBJC_MSGSEND = YES;
				ENABLE_TESTABILITY = YES;
				GCC_C_LANGUAGE_STANDARD = gnu11;
				GCC_DYNAMIC_NO_PIC = NO;
				GCC_NO_COMMON_BLOCKS = YES;
				GCC_OPTIMIZATION_LEVEL = 0;
				GCC_PREPROCESSOR_DEFINITIONS = (
					"DEBUG=1",
					"$(inherited)",
				);
				GCC_WARN_64_TO_32_BIT_CONVERSION = YES;
				GCC_WARN_ABOUT_RETURN_TYPE = YES_ERROR;
				GCC_WARN_UNDECLARED_SELECTOR = YES;
				GCC_WARN_UNINITIALIZED_AUTOS = YES_AGGRESSIVE;
				GCC_WARN_UNUSED_FUNCTION = YES;
				GCC_WARN_UNUSED_VARIABLE = YES;
				IPHONEOS_DEPLOYMENT_TARGET = 11.2;
				MTL_ENABLE_DEBUG_INFO = YES;
				ONLY_ACTIVE_ARCH = YES;
				SDKROOT = iphoneos;
				SWIFT_ACTIVE_COMPILATION_CONDITIONS = DEBUG;
				SWIFT_OPTIMIZATION_LEVEL = "-Onone";
			};
			name = Debug;
		};
		B9C34CFC1FFAA121001E5002 /* Release */ = {
			isa = XCBuildConfiguration;
			buildSettings = {
				ALWAYS_SEARCH_USER_PATHS = NO;
				CLANG_ANALYZER_NONNULL = YES;
				CLANG_ANALYZER_NUMBER_OBJECT_CONVERSION = YES_AGGRESSIVE;
				CLANG_CXX_LANGUAGE_STANDARD = "gnu++14";
				CLANG_CXX_LIBRARY = "libc++";
				CLANG_ENABLE_MODULES = YES;
				CLANG_ENABLE_OBJC_ARC = YES;
				CLANG_WARN_BLOCK_CAPTURE_AUTORELEASING = YES;
				CLANG_WARN_BOOL_CONVERSION = YES;
				CLANG_WARN_COMMA = YES;
				CLANG_WARN_CONSTANT_CONVERSION = YES;
				CLANG_WARN_DIRECT_OBJC_ISA_USAGE = YES_ERROR;
				CLANG_WARN_DOCUMENTATION_COMMENTS = YES;
				CLANG_WARN_EMPTY_BODY = YES;
				CLANG_WARN_ENUM_CONVERSION = YES;
				CLANG_WARN_INFINITE_RECURSION = YES;
				CLANG_WARN_INT_CONVERSION = YES;
				CLANG_WARN_NON_LITERAL_NULL_CONVERSION = YES;
				CLANG_WARN_OBJC_LITERAL_CONVERSION = YES;
				CLANG_WARN_OBJC_ROOT_CLASS = YES_ERROR;
				CLANG_WARN_RANGE_LOOP_ANALYSIS = YES;
				CLANG_WARN_STRICT_PROTOTYPES = YES;
				CLANG_WARN_SUSPICIOUS_MOVE = YES;
				CLANG_WARN_UNGUARDED_AVAILABILITY = YES_AGGRESSIVE;
				CLANG_WARN_UNREACHABLE_CODE = YES;
				CLANG_WARN__DUPLICATE_METHOD_MATCH = YES;
				CODE_SIGN_IDENTITY = "iPhone Developer";
				COPY_PHASE_STRIP = NO;
				DEBUG_INFORMATION_FORMAT = "dwarf-with-dsym";
				ENABLE_NS_ASSERTIONS = NO;
				ENABLE_STRICT_OBJC_MSGSEND = YES;
				GCC_C_LANGUAGE_STANDARD = gnu11;
				GCC_NO_COMMON_BLOCKS = YES;
				GCC_WARN_64_TO_32_BIT_CONVERSION = YES;
				GCC_WARN_ABOUT_RETURN_TYPE = YES_ERROR;
				GCC_WARN_UNDECLARED_SELECTOR = YES;
				GCC_WARN_UNINITIALIZED_AUTOS = YES_AGGRESSIVE;
				GCC_WARN_UNUSED_FUNCTION = YES;
				GCC_WARN_UNUSED_VARIABLE = YES;
				IPHONEOS_DEPLOYMENT_TARGET = 11.2;
				MTL_ENABLE_DEBUG_INFO = NO;
				SDKROOT = iphoneos;
				SWIFT_OPTIMIZATION_LEVEL = "-Owholemodule";
				VALIDATE_PRODUCT = YES;
			};
			name = Release;
		};
		B9C34CFE1FFAA121001E5002 /* Debug */ = {
			isa = XCBuildConfiguration;
			baseConfigurationReference = 2C261311ADF32EE95A2D2C96 /* Pods-Hyped Books.debug.xcconfig */;
			buildSettings = {
				ASSETCATALOG_COMPILER_APPICON_NAME = AppIcon;
				CODE_SIGN_STYLE = Automatic;
				DEVELOPMENT_TEAM = 36LYNA94EE;
				INFOPLIST_FILE = "Hyped Books/Info.plist";
				IPHONEOS_DEPLOYMENT_TARGET = 10.0;
				LD_RUNPATH_SEARCH_PATHS = "$(inherited) @executable_path/Frameworks";
				PRODUCT_BUNDLE_IDENTIFIER = "com.gs.Hyped-Books";
				PRODUCT_NAME = "$(TARGET_NAME)";
				SWIFT_OBJC_BRIDGING_HEADER = "Hyped Books/Helpers/Header.h";
				SWIFT_VERSION = 4.0;
				TARGETED_DEVICE_FAMILY = "1,2";
			};
			name = Debug;
		};
		B9C34CFF1FFAA121001E5002 /* Release */ = {
			isa = XCBuildConfiguration;
			baseConfigurationReference = 01AAB0F53D5B3B650E111BA7 /* Pods-Hyped Books.release.xcconfig */;
			buildSettings = {
				ASSETCATALOG_COMPILER_APPICON_NAME = AppIcon;
				CODE_SIGN_STYLE = Automatic;
				DEVELOPMENT_TEAM = 36LYNA94EE;
				INFOPLIST_FILE = "Hyped Books/Info.plist";
				IPHONEOS_DEPLOYMENT_TARGET = 10.0;
				LD_RUNPATH_SEARCH_PATHS = "$(inherited) @executable_path/Frameworks";
				PRODUCT_BUNDLE_IDENTIFIER = "com.gs.Hyped-Books";
				PRODUCT_NAME = "$(TARGET_NAME)";
				SWIFT_OBJC_BRIDGING_HEADER = "Hyped Books/Helpers/Header.h";
				SWIFT_VERSION = 4.0;
				TARGETED_DEVICE_FAMILY = "1,2";
			};
			name = Release;
		};
/* End XCBuildConfiguration section */

/* Begin XCConfigurationList section */
		B9C34CE61FFAA121001E5002 /* Build configuration list for PBXProject "Hyped Books" */ = {
			isa = XCConfigurationList;
			buildConfigurations = (
				B9C34CFB1FFAA121001E5002 /* Debug */,
				B9C34CFC1FFAA121001E5002 /* Release */,
			);
			defaultConfigurationIsVisible = 0;
			defaultConfigurationName = Release;
		};
		B9C34CFD1FFAA121001E5002 /* Build configuration list for PBXNativeTarget "Hyped Books" */ = {
			isa = XCConfigurationList;
			buildConfigurations = (
				B9C34CFE1FFAA121001E5002 /* Debug */,
				B9C34CFF1FFAA121001E5002 /* Release */,
			);
			defaultConfigurationIsVisible = 0;
			defaultConfigurationName = Release;
		};
/* End XCConfigurationList section */
	};
	rootObject = B9C34CE31FFAA121001E5002 /* Project object */;
}
